
Microsoft Visual Studio Solution File, Format Version 10.00
# Visual Studio 2008
Project("{8BC9CEB8-8B4A-11D0-8D11-00A0C91BC942}") = "EMGLogger", "EMGLogger.vcproj", "{7D15ECD3-EC79-4CE3-A2C5-FEE3D07A20BE}"
EndProject
Global
	GlobalSection(SolutionConfigurationPlatforms) = preSolution
		Debug|Win32 = Debug|Win32
		Release|Win32 = Release|Win32
	EndGlobalSection
	GlobalSection(ProjectConfigurationPlatforms) = postSolution
		{7D15ECD3-EC79-4CE3-A2C5-FEE3D07A20BE}.Debug|Win32.ActiveCfg = Debug|Win32
		{7D15ECD3-EC79-4CE3-A2C5-FEE3D07A20BE}.Debug|Win32.Build.0 = Debug|Win32
		{7D15ECD3-EC79-4CE3-A2C5-FEE3D07A20BE}.Release|Win32.ActiveCfg = Release|Win32
		{7D15ECD3-EC79-4CE3-A2C5-FEE3D07A20BE}.Release|Win32.Build.0 = Release|Win32
	EndGlobalSection
	GlobalSection(SolutionProperties) = preSolution
		HideSolutionNode = FALSE
	EndGlobalSection
EndGlobal
